
Microsoft Visual Studio Solution File, Format Version 12.00
# Visual Studio Version 17
VisualStudioVersion = 17.13.35828.75 d17.13
MinimumVisualStudioVersion = 10.0.40219.1
Project("{8BC9CEB8-8B4A-11D0-8D11-00A0C91BC942}") = "4.7", "4.7\4.7.vcxproj", "{C86282E0-6313-4E8F-ABDC-8ADBEE499130}"
EndProject
Global
	GlobalSection(SolutionConfigurationPlatforms) = preSolution
		Debug|x64 = Debug|x64
		Debug|x86 = Debug|x86
		Release|x64 = Release|x64
		Release|x86 = Release|x86
	EndGlobalSection
	GlobalSection(ProjectConfigurationPlatforms) = postSolution
		{C86282E0-6313-4E8F-ABDC-8ADBEE499130}.Debug|x64.ActiveCfg = Debug|x64
		{C86282E0-6313-4E8F-ABDC-8ADBEE499130}.Debug|x64.Build.0 = Debug|x64
		{C86282E0-6313-4E8F-ABDC-8ADBEE499130}.Debug|x86.ActiveCfg = Debug|Win32
		{C86282E0-6313-4E8F-ABDC-8ADBEE499130}.Debug|x86.Build.0 = Debug|Win32
		{C86282E0-6313-4E8F-ABDC-8ADBEE499130}.Release|x64.ActiveCfg = Release|x64
		{C86282E0-6313-4E8F-ABDC-8ADBEE499130}.Release|x64.Build.0 = Release|x64
		{C86282E0-6313-4E8F-ABDC-8ADBEE499130}.Release|x86.ActiveCfg = Release|Win32
		{C86282E0-6313-4E8F-ABDC-8ADBEE499130}.Release|x86.Build.0 = Release|Win32
	EndGlobalSection
	GlobalSection(SolutionProperties) = preSolution
		HideSolutionNode = FALSE
	EndGlobalSection
	GlobalSection(ExtensibilityGlobals) = postSolution
		SolutionGuid = {5476A23A-55EB-4561-9075-63344B594EC8}
	EndGlobalSection
EndGlobal
