
Microsoft Visual Studio Solution File, Format Version 12.00
# Visual Studio Version 17
VisualStudioVersion = 17.14.36221.1 d17.14
MinimumVisualStudioVersion = 10.0.40219.1
Project("{8BC9CEB8-8B4A-11D0-8D11-00A0C91BC942}") = "windows.3", "windows.3\windows.3.vcxproj", "{1474FCDA-8413-4A6A-8F79-24F48C682AB3}"
EndProject
Global
	GlobalSection(SolutionConfigurationPlatforms) = preSolution
		Debug|x64 = Debug|x64
		Debug|x86 = Debug|x86
		Release|x64 = Release|x64
		Release|x86 = Release|x86
	EndGlobalSection
	GlobalSection(ProjectConfigurationPlatforms) = postSolution
		{1474FCDA-8413-4A6A-8F79-24F48C682AB3}.Debug|x64.ActiveCfg = Debug|x64
		{1474FCDA-8413-4A6A-8F79-24F48C682AB3}.Debug|x64.Build.0 = Debug|x64
		{1474FCDA-8413-4A6A-8F79-24F48C682AB3}.Debug|x86.ActiveCfg = Debug|Win32
		{1474FCDA-8413-4A6A-8F79-24F48C682AB3}.Debug|x86.Build.0 = Debug|Win32
		{1474FCDA-8413-4A6A-8F79-24F48C682AB3}.Release|x64.ActiveCfg = Release|x64
		{1474FCDA-8413-4A6A-8F79-24F48C682AB3}.Release|x64.Build.0 = Release|x64
		{1474FCDA-8413-4A6A-8F79-24F48C682AB3}.Release|x86.ActiveCfg = Release|Win32
		{1474FCDA-8413-4A6A-8F79-24F48C682AB3}.Release|x86.Build.0 = Release|Win32
	EndGlobalSection
	GlobalSection(SolutionProperties) = preSolution
		HideSolutionNode = FALSE
	EndGlobalSection
	GlobalSection(ExtensibilityGlobals) = postSolution
		SolutionGuid = {FD41EC81-701F-4CDC-98EC-393B48A0018C}
	EndGlobalSection
EndGlobal
